// !$*UTF8*$!
{
	archiveVersion = 1;
	classes = {
	};
	objectVersion = 56;
	objects = {

/* Begin PBXBuildFile section */
		7610E92729276AD9009BE09E /* AppDelegate.swift in Sources */ = {isa = PBXBuildFile; fileRef = 7610E92629276AD9009BE09E /* AppDelegate.swift */; };
		7610E92929276AD9009BE09E /* SceneDelegate.swift in Sources */ = {isa = PBXBuildFile; fileRef = 7610E92829276AD9009BE09E /* SceneDelegate.swift */; };
		7610E92B29276AD9009BE09E /* MainViewController.swift in Sources */ = {isa = PBXBuildFile; fileRef = 7610E92A29276AD9009BE09E /* MainViewController.swift */; };
		7610E93029276ADA009BE09E /* Assets.xcassets in Resources */ = {isa = PBXBuildFile; fileRef = 7610E92F29276ADA009BE09E /* Assets.xcassets */; };
		7610E93329276ADA009BE09E /* LaunchScreen.storyboard in Resources */ = {isa = PBXBuildFile; fileRef = 7610E93129276ADA009BE09E /* LaunchScreen.storyboard */; };
		7610E93C29276AFA009BE09E /* SnapKit in Frameworks */ = {isa = PBXBuildFile; productRef = 7610E93B29276AFA009BE09E /* SnapKit */; };
		7610E93F29276B0D009BE09E /* RxCocoa in Frameworks */ = {isa = PBXBuildFile; productRef = 7610E93E29276B0D009BE09E /* RxCocoa */; };
		7610E94129276B0D009BE09E /* RxRelay in Frameworks */ = {isa = PBXBuildFile; productRef = 7610E94029276B0D009BE09E /* RxRelay */; };
		7610E94329276B0D009BE09E /* RxSwift in Frameworks */ = {isa = PBXBuildFile; productRef = 7610E94229276B0D009BE09E /* RxSwift */; };
		7610E94629276B20009BE09E /* Alamofire in Frameworks */ = {isa = PBXBuildFile; productRef = 7610E94529276B20009BE09E /* Alamofire */; };
		7610E94F292786BE009BE09E /* ExchangeRequest.swift in Sources */ = {isa = PBXBuildFile; fileRef = 7610E94E292786BE009BE09E /* ExchangeRequest.swift */; };
		7610E95129278A5B009BE09E /* ExchangeResponse.swift in Sources */ = {isa = PBXBuildFile; fileRef = 7610E95029278A5B009BE09E /* ExchangeResponse.swift */; };
		7610E9572928B026009BE09E /* TargetType.swift in Sources */ = {isa = PBXBuildFile; fileRef = 7610E9562928B026009BE09E /* TargetType.swift */; };
		7610E95C2928B48A009BE09E /* ExchangeRateAPI.swift in Sources */ = {isa = PBXBuildFile; fileRef = 7610E95B2928B48A009BE09E /* ExchangeRateAPI.swift */; };
		7610E95E2928B4D8009BE09E /* ExchangeRateTarget.swift in Sources */ = {isa = PBXBuildFile; fileRef = 7610E95D2928B4D8009BE09E /* ExchangeRateTarget.swift */; };
		7610E9612928BAC9009BE09E /* ExchangeRate.swift in Sources */ = {isa = PBXBuildFile; fileRef = 7610E9602928BAC9009BE09E /* ExchangeRate.swift */; };
		7610E9632928BF25009BE09E /* MainViewModel.swift in Sources */ = {isa = PBXBuildFile; fileRef = 7610E9622928BF25009BE09E /* MainViewModel.swift */; };
		7610E9662928C411009BE09E /* ConvertBoxView.swift in Sources */ = {isa = PBXBuildFile; fileRef = 7610E9652928C411009BE09E /* ConvertBoxView.swift */; };
/* End PBXBuildFile section */

/* Begin PBXFileReference section */
		7610E92329276AD9009BE09E /* ExchangeRate.app */ = {isa = PBXFileReference; explicitFileType = wrapper.application; includeInIndex = 0; path = ExchangeRate.app; sourceTree = BUILT_PRODUCTS_DIR; };
		7610E92629276AD9009BE09E /* AppDelegate.swift */ = {isa = PBXFileReference; lastKnownFileType = sourcecode.swift; path = AppDelegate.swift; sourceTree = "<group>"; };
		7610E92829276AD9009BE09E /* SceneDelegate.swift */ = {isa = PBXFileReference; lastKnownFileType = sourcecode.swift; path = SceneDelegate.swift; sourceTree = "<group>"; };
		7610E92A29276AD9009BE09E /* MainViewController.swift */ = {isa = PBXFileReference; lastKnownFileType = sourcecode.swift; path = MainViewController.swift; sourceTree = "<group>"; };
		7610E92F29276ADA009BE09E /* Assets.xcassets */ = {isa = PBXFileReference; lastKnownFileType = folder.assetcatalog; path = Assets.xcassets; sourceTree = "<group>"; };
		7610E93229276ADA009BE09E /* Base */ = {isa = PBXFileReference; lastKnownFileType = file.storyboard; name = Base; path = Base.lproj/LaunchScreen.storyboard; sourceTree = "<group>"; };
		7610E93429276ADA009BE09E /* Info.plist */ = {isa = PBXFileReference; lastKnownFileType = text.plist.xml; path = Info.plist; sourceTree = "<group>"; };
		7610E94E292786BE009BE09E /* ExchangeRequest.swift */ = {isa = PBXFileReference; lastKnownFileType = sourcecode.swift; path = ExchangeRequest.swift; sourceTree = "<group>"; };
		7610E95029278A5B009BE09E /* ExchangeResponse.swift */ = {isa = PBXFileReference; lastKnownFileType = sourcecode.swift; path = ExchangeResponse.swift; sourceTree = "<group>"; };
		7610E9562928B026009BE09E /* TargetType.swift */ = {isa = PBXFileReference; lastKnownFileType = sourcecode.swift; path = TargetType.swift; sourceTree = "<group>"; };
		7610E95B2928B48A009BE09E /* ExchangeRateAPI.swift */ = {isa = PBXFileReference; lastKnownFileType = sourcecode.swift; path = ExchangeRateAPI.swift; sourceTree = "<group>"; };
		7610E95D2928B4D8009BE09E /* ExchangeRateTarget.swift */ = {isa = PBXFileReference; lastKnownFileType = sourcecode.swift; path = ExchangeRateTarget.swift; sourceTree = "<group>"; };
		7610E9602928BAC9009BE09E /* ExchangeRate.swift */ = {isa = PBXFileReference; lastKnownFileType = sourcecode.swift; path = ExchangeRate.swift; sourceTree = "<group>"; };
		7610E9622928BF25009BE09E /* MainViewModel.swift */ = {isa = PBXFileReference; lastKnownFileType = sourcecode.swift; path = MainViewModel.swift; sourceTree = "<group>"; };
		7610E9652928C411009BE09E /* ConvertBoxView.swift */ = {isa = PBXFileReference; lastKnownFileType = sourcecode.swift; path = ConvertBoxView.swift; sourceTree = "<group>"; };
/* End PBXFileReference section */

/* Begin PBXFrameworksBuildPhase section */
		7610E92029276AD9009BE09E /* Frameworks */ = {
			isa = PBXFrameworksBuildPhase;
			buildActionMask = 2147483647;
			files = (
				7610E94629276B20009BE09E /* Alamofire in Frameworks */,
				7610E94129276B0D009BE09E /* RxRelay in Frameworks */,
				7610E93F29276B0D009BE09E /* RxCocoa in Frameworks */,
				7610E94329276B0D009BE09E /* RxSwift in Frameworks */,
				7610E93C29276AFA009BE09E /* SnapKit in Frameworks */,
			);
			runOnlyForDeploymentPostprocessing = 0;
		};
/* End PBXFrameworksBuildPhase section */

/* Begin PBXGroup section */
		7610E91A29276AD9009BE09E = {
			isa = PBXGroup;
			children = (
				7610E92529276AD9009BE09E /* ExchangeRate */,
				7610E92429276AD9009BE09E /* Products */,
			);
			sourceTree = "<group>";
		};
		7610E92429276AD9009BE09E /* Products */ = {
			isa = PBXGroup;
			children = (
				7610E92329276AD9009BE09E /* ExchangeRate.app */,
			);
			name = Products;
			sourceTree = "<group>";
		};
		7610E92529276AD9009BE09E /* ExchangeRate */ = {
			isa = PBXGroup;
			children = (
				7610E92629276AD9009BE09E /* AppDelegate.swift */,
				7610E92829276AD9009BE09E /* SceneDelegate.swift */,
				7610E94D29278676009BE09E /* Network */,
				7610E94A29278611009BE09E /* Model */,
				7610E949292785B4009BE09E /* View */,
				7610E94C29278622009BE09E /* ViewModel */,
				7610E94729278590009BE09E /* Resource */,
				7610E9482927859D009BE09E /* SupportingFile */,
				7610E93129276ADA009BE09E /* LaunchScreen.storyboard */,
			);
			path = ExchangeRate;
			sourceTree = "<group>";
		};
		7610E94729278590009BE09E /* Resource */ = {
			isa = PBXGroup;
			children = (
				7610E92F29276ADA009BE09E /* Assets.xcassets */,
			);
			path = Resource;
			sourceTree = "<group>";
		};
		7610E9482927859D009BE09E /* SupportingFile */ = {
			isa = PBXGroup;
			children = (
				7610E93429276ADA009BE09E /* Info.plist */,
			);
			path = SupportingFile;
			sourceTree = "<group>";
		};
		7610E949292785B4009BE09E /* View */ = {
			isa = PBXGroup;
			children = (
				7610E92A29276AD9009BE09E /* MainViewController.swift */,
				7610E9642928C378009BE09E /* CommonView */,
			);
			path = View;
			sourceTree = "<group>";
		};
		7610E94A29278611009BE09E /* Model */ = {
			isa = PBXGroup;
			children = (
				7610E9602928BAC9009BE09E /* ExchangeRate.swift */,
			);
			path = Model;
			sourceTree = "<group>";
		};
		7610E94C29278622009BE09E /* ViewModel */ = {
			isa = PBXGroup;
			children = (
				7610E9622928BF25009BE09E /* MainViewModel.swift */,
			);
			path = ViewModel;
			sourceTree = "<group>";
		};
		7610E94D29278676009BE09E /* Network */ = {
			isa = PBXGroup;
			children = (
				7610E9592928B3B8009BE09E /* API */,
				7610E9582928B377009BE09E /* Base */,
			);
			path = Network;
			sourceTree = "<group>";
		};
		7610E9582928B377009BE09E /* Base */ = {
			isa = PBXGroup;
			children = (
				7610E9562928B026009BE09E /* TargetType.swift */,
			);
			path = Base;
			sourceTree = "<group>";
		};
		7610E9592928B3B8009BE09E /* API */ = {
			isa = PBXGroup;
			children = (
				7610E95A2928B47C009BE09E /* ExchangeRate */,
			);
			path = API;
			sourceTree = "<group>";
		};
		7610E95A2928B47C009BE09E /* ExchangeRate */ = {
			isa = PBXGroup;
			children = (
				7610E95B2928B48A009BE09E /* ExchangeRateAPI.swift */,
				7610E95D2928B4D8009BE09E /* ExchangeRateTarget.swift */,
				7610E95F2928BAAA009BE09E /* Model */,
			);
			path = ExchangeRate;
			sourceTree = "<group>";
		};
		7610E95F2928BAAA009BE09E /* Model */ = {
			isa = PBXGroup;
			children = (
				7610E94E292786BE009BE09E /* ExchangeRequest.swift */,
				7610E95029278A5B009BE09E /* ExchangeResponse.swift */,
			);
			path = Model;
			sourceTree = "<group>";
		};
		7610E9642928C378009BE09E /* CommonView */ = {
			isa = PBXGroup;
			children = (
				7610E9652928C411009BE09E /* ConvertBoxView.swift */,
			);
			path = CommonView;
			sourceTree = "<group>";
		};
/* End PBXGroup section */

/* Begin PBXNativeTarget section */
		7610E92229276AD9009BE09E /* ExchangeRate */ = {
			isa = PBXNativeTarget;
			buildConfigurationList = 7610E93729276ADA009BE09E /* Build configuration list for PBXNativeTarget "ExchangeRate" */;
			buildPhases = (
				7610E91F29276AD9009BE09E /* Sources */,
				7610E92029276AD9009BE09E /* Frameworks */,
				7610E92129276AD9009BE09E /* Resources */,
			);
			buildRules = (
			);
			dependencies = (
			);
			name = ExchangeRate;
			packageProductDependencies = (
				7610E93B29276AFA009BE09E /* SnapKit */,
				7610E93E29276B0D009BE09E /* RxCocoa */,
				7610E94029276B0D009BE09E /* RxRelay */,
				7610E94229276B0D009BE09E /* RxSwift */,
				7610E94529276B20009BE09E /* Alamofire */,
			);
			productName = ExchangeRate;
			productReference = 7610E92329276AD9009BE09E /* ExchangeRate.app */;
			productType = "com.apple.product-type.application";
		};
/* End PBXNativeTarget section */

/* Begin PBXProject section */
		7610E91B29276AD9009BE09E /* Project object */ = {
			isa = PBXProject;
			attributes = {
				BuildIndependentTargetsInParallel = 1;
				LastSwiftUpdateCheck = 1410;
				LastUpgradeCheck = 1410;
				TargetAttributes = {
					7610E92229276AD9009BE09E = {
						CreatedOnToolsVersion = 14.1;
					};
				};
			};
			buildConfigurationList = 7610E91E29276AD9009BE09E /* Build configuration list for PBXProject "ExchangeRate" */;
			compatibilityVersion = "Xcode 14.0";
			developmentRegion = en;
			hasScannedForEncodings = 0;
			knownRegions = (
				en,
				Base,
			);
			mainGroup = 7610E91A29276AD9009BE09E;
			packageReferences = (
				7610E93A29276AFA009BE09E /* XCRemoteSwiftPackageReference "SnapKit" */,
				7610E93D29276B0D009BE09E /* XCRemoteSwiftPackageReference "RxSwift" */,
				7610E94429276B20009BE09E /* XCRemoteSwiftPackageReference "Alamofire" */,
			);
			productRefGroup = 7610E92429276AD9009BE09E /* Products */;
			projectDirPath = "";
			projectRoot = "";
			targets = (
				7610E92229276AD9009BE09E /* ExchangeRate */,
			);
		};
/* End PBXProject section */

/* Begin PBXResourcesBuildPhase section */
		7610E92129276AD9009BE09E /* Resources */ = {
			isa = PBXResourcesBuildPhase;
			buildActionMask = 2147483647;
			files = (
				7610E93329276ADA009BE09E /* LaunchScreen.storyboard in Resources */,
				7610E93029276ADA009BE09E /* Assets.xcassets in Resources */,
			);
			runOnlyForDeploymentPostprocessing = 0;
		};
/* End PBXResourcesBuildPhase section */

/* Begin PBXSourcesBuildPhase section */
		7610E91F29276AD9009BE09E /* Sources */ = {
			isa = PBXSourcesBuildPhase;
			buildActionMask = 2147483647;
			files = (
				7610E9662928C411009BE09E /* ConvertBoxView.swift in Sources */,
				7610E92B29276AD9009BE09E /* MainViewController.swift in Sources */,
				7610E95E2928B4D8009BE09E /* ExchangeRateTarget.swift in Sources */,
				7610E95C2928B48A009BE09E /* ExchangeRateAPI.swift in Sources */,
				7610E92729276AD9009BE09E /* AppDelegate.swift in Sources */,
				7610E95129278A5B009BE09E /* ExchangeResponse.swift in Sources */,
				7610E9632928BF25009BE09E /* MainViewModel.swift in Sources */,
				7610E9572928B026009BE09E /* TargetType.swift in Sources */,
				7610E94F292786BE009BE09E /* ExchangeRequest.swift in Sources */,
				7610E9612928BAC9009BE09E /* ExchangeRate.swift in Sources */,
				7610E92929276AD9009BE09E /* SceneDelegate.swift in Sources */,
			);
			runOnlyForDeploymentPostprocessing = 0;
		};
/* End PBXSourcesBuildPhase section */

/* Begin PBXVariantGroup section */
		7610E93129276ADA009BE09E /* LaunchScreen.storyboard */ = {
			isa = PBXVariantGroup;
			children = (
				7610E93229276ADA009BE09E /* Base */,
			);
			name = LaunchScreen.storyboard;
			sourceTree = "<group>";
		};
/* End PBXVariantGroup section */

/* Begin XCBuildConfiguration section */
		7610E93529276ADA009BE09E /* Debug */ = {
			isa = XCBuildConfiguration;
			buildSettings = {
				ALWAYS_SEARCH_USER_PATHS = NO;
				CLANG_ANALYZER_NONNULL = YES;
				CLANG_ANALYZER_NUMBER_OBJECT_CONVERSION = YES_AGGRESSIVE;
				CLANG_CXX_LANGUAGE_STANDARD = "gnu++20";
				CLANG_ENABLE_MODULES = YES;
				CLANG_ENABLE_OBJC_ARC = YES;
				CLANG_ENABLE_OBJC_WEAK = YES;
				CLANG_WARN_BLOCK_CAPTURE_AUTORELEASING = YES;
				CLANG_WARN_BOOL_CONVERSION = YES;
				CLANG_WARN_COMMA = YES;
				CLANG_WARN_CONSTANT_CONVERSION = YES;
				CLANG_WARN_DEPRECATED_OBJC_IMPLEMENTATIONS = YES;
				CLANG_WARN_DIRECT_OBJC_ISA_USAGE = YES_ERROR;
				CLANG_WARN_DOCUMENTATION_COMMENTS = YES;
				CLANG_WARN_EMPTY_BODY = YES;
				CLANG_WARN_ENUM_CONVERSION = YES;
				CLANG_WARN_INFINITE_RECURSION = YES;
				CLANG_WARN_INT_CONVERSION = YES;
				CLANG_WARN_NON_LITERAL_NULL_CONVERSION = YES;
				CLANG_WARN_OBJC_IMPLICIT_RETAIN_SELF = YES;
				CLANG_WARN_OBJC_LITERAL_CONVERSION = YES;
				CLANG_WARN_OBJC_ROOT_CLASS = YES_ERROR;
				CLANG_WARN_QUOTED_INCLUDE_IN_FRAMEWORK_HEADER = YES;
				CLANG_WARN_RANGE_LOOP_ANALYSIS = YES;
				CLANG_WARN_STRICT_PROTOTYPES = YES;
				CLANG_WARN_SUSPICIOUS_MOVE = YES;
				CLANG_WARN_UNGUARDED_AVAILABILITY = YES_AGGRESSIVE;
				CLANG_WARN_UNREACHABLE_CODE = YES;
				CLANG_WARN__DUPLICATE_METHOD_MATCH = YES;
				COPY_PHASE_STRIP = NO;
				DEBUG_INFORMATION_FORMAT = dwarf;
				ENABLE_STRICT_OBJC_MSGSEND = YES;
				ENABLE_TESTABILITY = YES;
				GCC_C_LANGUAGE_STANDARD = gnu11;
				GCC_DYNAMIC_NO_PIC = NO;
				GCC_NO_COMMON_BLOCKS = YES;
				GCC_OPTIMIZATION_LEVEL = 0;
				GCC_PREPROCESSOR_DEFINITIONS = (
					"DEBUG=1",
					"$(inherited)",
				);
				GCC_WARN_64_TO_32_BIT_CONVERSION = YES;
				GCC_WARN_ABOUT_RETURN_TYPE = YES_ERROR;
				GCC_WARN_UNDECLARED_SELECTOR = YES;
				GCC_WARN_UNINITIALIZED_AUTOS = YES_AGGRESSIVE;
				GCC_WARN_UNUSED_FUNCTION = YES;
				GCC_WARN_UNUSED_VARIABLE = YES;
				IPHONEOS_DEPLOYMENT_TARGET = 15.0;
				MTL_ENABLE_DEBUG_INFO = INCLUDE_SOURCE;
				MTL_FAST_MATH = YES;
				ONLY_ACTIVE_ARCH = YES;
				SDKROOT = iphoneos;
				SWIFT_ACTIVE_COMPILATION_CONDITIONS = DEBUG;
				SWIFT_OPTIMIZATION_LEVEL = "-Onone";
			};
			name = Debug;
		};
		7610E93629276ADA009BE09E /* Release */ = {
			isa = XCBuildConfiguration;
			buildSettings = {
				ALWAYS_SEARCH_USER_PATHS = NO;
				CLANG_ANALYZER_NONNULL = YES;
				CLANG_ANALYZER_NUMBER_OBJECT_CONVERSION = YES_AGGRESSIVE;
				CLANG_CXX_LANGUAGE_STANDARD = "gnu++20";
				CLANG_ENABLE_MODULES = YES;
				CLANG_ENABLE_OBJC_ARC = YES;
				CLANG_ENABLE_OBJC_WEAK = YES;
				CLANG_WARN_BLOCK_CAPTURE_AUTORELEASING = YES;
				CLANG_WARN_BOOL_CONVERSION = YES;
				CLANG_WARN_COMMA = YES;
				CLANG_WARN_CONSTANT_CONVERSION = YES;
				CLANG_WARN_DEPRECATED_OBJC_IMPLEMENTATIONS = YES;
				CLANG_WARN_DIRECT_OBJC_ISA_USAGE = YES_ERROR;
				CLANG_WARN_DOCUMENTATION_COMMENTS = YES;
				CLANG_WARN_EMPTY_BODY = YES;
				CLANG_WARN_ENUM_CONVERSION = YES;
				CLANG_WARN_INFINITE_RECURSION = YES;
				CLANG_WARN_INT_CONVERSION = YES;
				CLANG_WARN_NON_LITERAL_NULL_CONVERSION = YES;
				CLANG_WARN_OBJC_IMPLICIT_RETAIN_SELF = YES;
				CLANG_WARN_OBJC_LITERAL_CONVERSION = YES;
				CLANG_WARN_OBJC_ROOT_CLASS = YES_ERROR;
				CLANG_WARN_QUOTED_INCLUDE_IN_FRAMEWORK_HEADER = YES;
				CLANG_WARN_RANGE_LOOP_ANALYSIS = YES;
				CLANG_WARN_STRICT_PROTOTYPES = YES;
				CLANG_WARN_SUSPICIOUS_MOVE = YES;
				CLANG_WARN_UNGUARDED_AVAILABILITY = YES_AGGRESSIVE;
				CLANG_WARN_UNREACHABLE_CODE = YES;
				CLANG_WARN__DUPLICATE_METHOD_MATCH = YES;
				COPY_PHASE_STRIP = NO;
				DEBUG_INFORMATION_FORMAT = "dwarf-with-dsym";
				ENABLE_NS_ASSERTIONS = NO;
				ENABLE_STRICT_OBJC_MSGSEND = YES;
				GCC_C_LANGUAGE_STANDARD = gnu11;
				GCC_NO_COMMON_BLOCKS = YES;
				GCC_WARN_64_TO_32_BIT_CONVERSION = YES;
				GCC_WARN_ABOUT_RETURN_TYPE = YES_ERROR;
				GCC_WARN_UNDECLARED_SELECTOR = YES;
				GCC_WARN_UNINITIALIZED_AUTOS = YES_AGGRESSIVE;
				GCC_WARN_UNUSED_FUNCTION = YES;
				GCC_WARN_UNUSED_VARIABLE = YES;
				IPHONEOS_DEPLOYMENT_TARGET = 15.0;
				MTL_ENABLE_DEBUG_INFO = NO;
				MTL_FAST_MATH = YES;
				SDKROOT = iphoneos;
				SWIFT_COMPILATION_MODE = wholemodule;
				SWIFT_OPTIMIZATION_LEVEL = "-O";
				VALIDATE_PRODUCT = YES;
			};
			name = Release;
		};
		7610E93829276ADA009BE09E /* Debug */ = {
			isa = XCBuildConfiguration;
			buildSettings = {
				ASSETCATALOG_COMPILER_APPICON_NAME = AppIcon;
				ASSETCATALOG_COMPILER_GLOBAL_ACCENT_COLOR_NAME = AccentColor;
				CODE_SIGN_STYLE = Automatic;
				CURRENT_PROJECT_VERSION = 1;
				DEVELOPMENT_TEAM = P9MW78T4QB;
				GENERATE_INFOPLIST_FILE = YES;
				INFOPLIST_FILE = ExchangeRate/SupportingFile/Info.plist;
				INFOPLIST_KEY_UIApplicationSupportsIndirectInputEvents = YES;
				INFOPLIST_KEY_UILaunchStoryboardName = LaunchScreen;
				INFOPLIST_KEY_UIMainStoryboardFile = "";
				INFOPLIST_KEY_UISupportedInterfaceOrientations_iPad = "UIInterfaceOrientationPortrait UIInterfaceOrientationPortraitUpsideDown UIInterfaceOrientationLandscapeLeft UIInterfaceOrientationLandscapeRight";
				INFOPLIST_KEY_UISupportedInterfaceOrientations_iPhone = "UIInterfaceOrientationPortrait UIInterfaceOrientationLandscapeLeft UIInterfaceOrientationLandscapeRight";
				LD_RUNPATH_SEARCH_PATHS = (
					"$(inherited)",
					"@executable_path/Frameworks",
				);
				MARKETING_VERSION = 1.0;
				PRODUCT_BUNDLE_IDENTIFIER = com.chagmn.ExchangeRate;
				PRODUCT_NAME = "$(TARGET_NAME)";
				SWIFT_EMIT_LOC_STRINGS = YES;
				SWIFT_VERSION = 5.0;
				TARGETED_DEVICE_FAMILY = "1,2";
			};
			name = Debug;
		};
		7610E93929276ADA009BE09E /* Release */ = {
			isa = XCBuildConfiguration;
			buildSettings = {
				ASSETCATALOG_COMPILER_APPICON_NAME = AppIcon;
				ASSETCATALOG_COMPILER_GLOBAL_ACCENT_COLOR_NAME = AccentColor;
				CODE_SIGN_STYLE = Automatic;
				CURRENT_PROJECT_VERSION = 1;
				DEVELOPMENT_TEAM = P9MW78T4QB;
				GENERATE_INFOPLIST_FILE = YES;
				INFOPLIST_FILE = ExchangeRate/SupportingFile/Info.plist;
				INFOPLIST_KEY_UIApplicationSupportsIndirectInputEvents = YES;
				INFOPLIST_KEY_UILaunchStoryboardName = LaunchScreen;
				INFOPLIST_KEY_UIMainStoryboardFile = "";
				INFOPLIST_KEY_UISupportedInterfaceOrientations_iPad = "UIInterfaceOrientationPortrait UIInterfaceOrientationPortraitUpsideDown UIInterfaceOrientationLandscapeLeft UIInterfaceOrientationLandscapeRight";
				INFOPLIST_KEY_UISupportedInterfaceOrientations_iPhone = "UIInterfaceOrientationPortrait UIInterfaceOrientationLandscapeLeft UIInterfaceOrientationLandscapeRight";
				LD_RUNPATH_SEARCH_PATHS = (
					"$(inherited)",
					"@executable_path/Frameworks",
				);
				MARKETING_VERSION = 1.0;
				PRODUCT_BUNDLE_IDENTIFIER = com.chagmn.ExchangeRate;
				PRODUCT_NAME = "$(TARGET_NAME)";
				SWIFT_EMIT_LOC_STRINGS = YES;
				SWIFT_VERSION = 5.0;
				TARGETED_DEVICE_FAMILY = "1,2";
			};
			name = Release;
		};
/* End XCBuildConfiguration section */

/* Begin XCConfigurationList section */
		7610E91E29276AD9009BE09E /* Build configuration list for PBXProject "ExchangeRate" */ = {
			isa = XCConfigurationList;
			buildConfigurations = (
				7610E93529276ADA009BE09E /* Debug */,
				7610E93629276ADA009BE09E /* Release */,
			);
			defaultConfigurationIsVisible = 0;
			defaultConfigurationName = Release;
		};
		7610E93729276ADA009BE09E /* Build configuration list for PBXNativeTarget "ExchangeRate" */ = {
			isa = XCConfigurationList;
			buildConfigurations = (
				7610E93829276ADA009BE09E /* Debug */,
				7610E93929276ADA009BE09E /* Release */,
			);
			defaultConfigurationIsVisible = 0;
			defaultConfigurationName = Release;
		};
/* End XCConfigurationList section */

/* Begin XCRemoteSwiftPackageReference section */
		7610E93A29276AFA009BE09E /* XCRemoteSwiftPackageReference "SnapKit" */ = {
			isa = XCRemoteSwiftPackageReference;
			repositoryURL = "https://github.com/SnapKit/SnapKit";
			requirement = {
				kind = upToNextMajorVersion;
				minimumVersion = 5.0.0;
			};
		};
		7610E93D29276B0D009BE09E /* XCRemoteSwiftPackageReference "RxSwift" */ = {
			isa = XCRemoteSwiftPackageReference;
			repositoryURL = "https://github.com/ReactiveX/RxSwift";
			requirement = {
				kind = upToNextMajorVersion;
				minimumVersion = 6.0.0;
			};
		};
		7610E94429276B20009BE09E /* XCRemoteSwiftPackageReference "Alamofire" */ = {
			isa = XCRemoteSwiftPackageReference;
			repositoryURL = "https://github.com/Alamofire/Alamofire";
			requirement = {
				kind = upToNextMajorVersion;
				minimumVersion = 5.0.0;
			};
		};
/* End XCRemoteSwiftPackageReference section */

/* Begin XCSwiftPackageProductDependency section */
		7610E93B29276AFA009BE09E /* SnapKit */ = {
			isa = XCSwiftPackageProductDependency;
			package = 7610E93A29276AFA009BE09E /* XCRemoteSwiftPackageReference "SnapKit" */;
			productName = SnapKit;
		};
		7610E93E29276B0D009BE09E /* RxCocoa */ = {
			isa = XCSwiftPackageProductDependency;
			package = 7610E93D29276B0D009BE09E /* XCRemoteSwiftPackageReference "RxSwift" */;
			productName = RxCocoa;
		};
		7610E94029276B0D009BE09E /* RxRelay */ = {
			isa = XCSwiftPackageProductDependency;
			package = 7610E93D29276B0D009BE09E /* XCRemoteSwiftPackageReference "RxSwift" */;
			productName = RxRelay;
		};
		7610E94229276B0D009BE09E /* RxSwift */ = {
			isa = XCSwiftPackageProductDependency;
			package = 7610E93D29276B0D009BE09E /* XCRemoteSwiftPackageReference "RxSwift" */;
			productName = RxSwift;
		};
		7610E94529276B20009BE09E /* Alamofire */ = {
			isa = XCSwiftPackageProductDependency;
			package = 7610E94429276B20009BE09E /* XCRemoteSwiftPackageReference "Alamofire" */;
			productName = Alamofire;
		};
/* End XCSwiftPackageProductDependency section */
	};
	rootObject = 7610E91B29276AD9009BE09E /* Project object */;
}
